
Microsoft Visual Studio Solution File, Format Version 12.00
# Visual Studio Version 16
VisualStudioVersion = 16.0.30204.135
MinimumVisualStudioVersion = 10.0.40219.1
Project("{FAE04EC0-301F-11D3-BF4B-00C04F79EFBC}") = "OOPConcept", "OOPConcept.csproj", "{B99AE9C3-C41C-4BBD-BFE7-D8DBD9FDFD5A}"
EndProject
Global
	GlobalSection(SolutionConfigurationPlatforms) = preSolution
		Debug|Any CPU = Debug|Any CPU
		Release|Any CPU = Release|Any CPU
	EndGlobalSection
	GlobalSection(ProjectConfigurationPlatforms) = postSolution
		{B99AE9C3-C41C-4BBD-BFE7-D8DBD9FDFD5A}.Debug|Any CPU.ActiveCfg = Debug|Any CPU
		{B99AE9C3-C41C-4BBD-BFE7-D8DBD9FDFD5A}.Debug|Any CPU.Build.0 = Debug|Any CPU
		{B99AE9C3-C41C-4BBD-BFE7-D8DBD9FDFD5A}.Release|Any CPU.ActiveCfg = Release|Any CPU
		{B99AE9C3-C41C-4BBD-BFE7-D8DBD9FDFD5A}.Release|Any CPU.Build.0 = Release|Any CPU
	EndGlobalSection
	GlobalSection(SolutionProperties) = preSolution
		HideSolutionNode = FALSE
	EndGlobalSection
	GlobalSection(ExtensibilityGlobals) = postSolution
		SolutionGuid = {DD7F25C9-D63C-4BAB-B34B-351E26EEFA5A}
	EndGlobalSection
EndGlobal
